// !$*UTF8*$!
{
	archiveVersion = 1;
	classes = {
	};
	objectVersion = 50;
	objects = {

/* Begin PBXBuildFile section */
		25AD9A6C240112D40073FD3D /* main.m in Sources */ = {isa = PBXBuildFile; fileRef = 25AD9A6B240112D40073FD3D /* main.m */; };
		25FDF00C24035E45006367B0 /* Teacher1.m in Sources */ = {isa = PBXBuildFile; fileRef = 25FDF00B24035E45006367B0 /* Teacher1.m */; };
		25FDF00F24035E4D006367B0 /* Teacher2.m in Sources */ = {isa = PBXBuildFile; fileRef = 25FDF00E24035E4D006367B0 /* Teacher2.m */; };
		25FDF01224035E55006367B0 /* Teacher3.m in Sources */ = {isa = PBXBuildFile; fileRef = 25FDF01124035E55006367B0 /* Teacher3.m */; };
/* End PBXBuildFile section */

/* Begin PBXCopyFilesBuildPhase section */
		25AD9A66240112D40073FD3D /* CopyFiles */ = {
			isa = PBXCopyFilesBuildPhase;
			buildActionMask = 2147483647;
			dstPath = /usr/share/man/man1/;
			dstSubfolderSpec = 0;
			files = (
			);
			runOnlyForDeploymentPostprocessing = 1;
		};
/* End PBXCopyFilesBuildPhase section */

/* Begin PBXFileReference section */
		25AD9A68240112D40073FD3D /* MemoryAlignment */ = {isa = PBXFileReference; explicitFileType = "compiled.mach-o.executable"; includeInIndex = 0; path = MemoryAlignment; sourceTree = BUILT_PRODUCTS_DIR; };
		25AD9A6B240112D40073FD3D /* main.m */ = {isa = PBXFileReference; lastKnownFileType = sourcecode.c.objc; path = main.m; sourceTree = "<group>"; };
		25AD9A722401893E0073FD3D /* readme.md */ = {isa = PBXFileReference; fileEncoding = 4; lastKnownFileType = net.daringfireball.markdown; path = readme.md; sourceTree = "<group>"; };
		25FDF00A24035E45006367B0 /* Teacher1.h */ = {isa = PBXFileReference; lastKnownFileType = sourcecode.c.h; path = Teacher1.h; sourceTree = "<group>"; };
		25FDF00B24035E45006367B0 /* Teacher1.m */ = {isa = PBXFileReference; lastKnownFileType = sourcecode.c.objc; path = Teacher1.m; sourceTree = "<group>"; };
		25FDF00D24035E4D006367B0 /* Teacher2.h */ = {isa = PBXFileReference; lastKnownFileType = sourcecode.c.h; path = Teacher2.h; sourceTree = "<group>"; };
		25FDF00E24035E4D006367B0 /* Teacher2.m */ = {isa = PBXFileReference; lastKnownFileType = sourcecode.c.objc; path = Teacher2.m; sourceTree = "<group>"; };
		25FDF01024035E55006367B0 /* Teacher3.h */ = {isa = PBXFileReference; lastKnownFileType = sourcecode.c.h; path = Teacher3.h; sourceTree = "<group>"; };
		25FDF01124035E55006367B0 /* Teacher3.m */ = {isa = PBXFileReference; lastKnownFileType = sourcecode.c.objc; path = Teacher3.m; sourceTree = "<group>"; };
/* End PBXFileReference section */

/* Begin PBXFrameworksBuildPhase section */
		25AD9A65240112D40073FD3D /* Frameworks */ = {
			isa = PBXFrameworksBuildPhase;
			buildActionMask = 2147483647;
			files = (
			);
			runOnlyForDeploymentPostprocessing = 0;
		};
/* End PBXFrameworksBuildPhase section */

/* Begin PBXGroup section */
		25AD9A5F240112D40073FD3D = {
			isa = PBXGroup;
			children = (
				25AD9A6A240112D40073FD3D /* MemoryAlignment */,
				25AD9A69240112D40073FD3D /* Products */,
			);
			sourceTree = "<group>";
		};
		25AD9A69240112D40073FD3D /* Products */ = {
			isa = PBXGroup;
			children = (
				25AD9A68240112D40073FD3D /* MemoryAlignment */,
			);
			name = Products;
			sourceTree = "<group>";
		};
		25AD9A6A240112D40073FD3D /* MemoryAlignment */ = {
			isa = PBXGroup;
			children = (
				25AD9A722401893E0073FD3D /* readme.md */,
				25AD9A6B240112D40073FD3D /* main.m */,
				25FDF00A24035E45006367B0 /* Teacher1.h */,
				25FDF00B24035E45006367B0 /* Teacher1.m */,
				25FDF00D24035E4D006367B0 /* Teacher2.h */,
				25FDF00E24035E4D006367B0 /* Teacher2.m */,
				25FDF01024035E55006367B0 /* Teacher3.h */,
				25FDF01124035E55006367B0 /* Teacher3.m */,
			);
			path = MemoryAlignment;
			sourceTree = "<group>";
		};
/* End PBXGroup section */

/* Begin PBXNativeTarget section */
		25AD9A67240112D40073FD3D /* MemoryAlignment */ = {
			isa = PBXNativeTarget;
			buildConfigurationList = 25AD9A6F240112D40073FD3D /* Build configuration list for PBXNativeTarget "MemoryAlignment" */;
			buildPhases = (
				25AD9A64240112D40073FD3D /* Sources */,
				25AD9A65240112D40073FD3D /* Frameworks */,
				25AD9A66240112D40073FD3D /* CopyFiles */,
			);
			buildRules = (
			);
			dependencies = (
			);
			name = MemoryAlignment;
			productName = MemoryAlignment;
			productReference = 25AD9A68240112D40073FD3D /* MemoryAlignment */;
			productType = "com.apple.product-type.tool";
		};
/* End PBXNativeTarget section */

/* Begin PBXProject section */
		25AD9A60240112D40073FD3D /* Project object */ = {
			isa = PBXProject;
			attributes = {
				LastUpgradeCheck = 1130;
				ORGANIZATIONNAME = 002;
				TargetAttributes = {
					25AD9A67240112D40073FD3D = {
						CreatedOnToolsVersion = 11.3.1;
					};
				};
			};
			buildConfigurationList = 25AD9A63240112D40073FD3D /* Build configuration list for PBXProject "MemoryAlignment" */;
			compatibilityVersion = "Xcode 9.3";
			developmentRegion = en;
			hasScannedForEncodings = 0;
			knownRegions = (
				en,
				Base,
			);
			mainGroup = 25AD9A5F240112D40073FD3D;
			productRefGroup = 25AD9A69240112D40073FD3D /* Products */;
			projectDirPath = "";
			projectRoot = "";
			targets = (
				25AD9A67240112D40073FD3D /* MemoryAlignment */,
			);
		};
/* End PBXProject section */

/* Begin PBXSourcesBuildPhase section */
		25AD9A64240112D40073FD3D /* Sources */ = {
			isa = PBXSourcesBuildPhase;
			buildActionMask = 2147483647;
			files = (
				25FDF01224035E55006367B0 /* Teacher3.m in Sources */,
				25FDF00C24035E45006367B0 /* Teacher1.m in Sources */,
				25FDF00F24035E4D006367B0 /* Teacher2.m in Sources */,
				25AD9A6C240112D40073FD3D /* main.m in Sources */,
			);
			runOnlyForDeploymentPostprocessing = 0;
		};
/* End PBXSourcesBuildPhase section */

/* Begin XCBuildConfiguration section */
		25AD9A6D240112D40073FD3D /* Debug */ = {
			isa = XCBuildConfiguration;
			buildSettings = {
				ALWAYS_SEARCH_USER_PATHS = NO;
				CLANG_ANALYZER_NONNULL = YES;
				CLANG_ANALYZER_NUMBER_OBJECT_CONVERSION = YES_AGGRESSIVE;
				CLANG_CXX_LANGUAGE_STANDARD = "gnu++14";
				CLANG_CXX_LIBRARY = "libc++";
				CLANG_ENABLE_MODULES = YES;
				CLANG_ENABLE_OBJC_ARC = YES;
				CLANG_ENABLE_OBJC_WEAK = YES;
				CLANG_WARN_BLOCK_CAPTURE_AUTORELEASING = YES;
				CLANG_WARN_BOOL_CONVERSION = YES;
				CLANG_WARN_COMMA = YES;
				CLANG_WARN_CONSTANT_CONVERSION = YES;
				CLANG_WARN_DEPRECATED_OBJC_IMPLEMENTATIONS = YES;
				CLANG_WARN_DIRECT_OBJC_ISA_USAGE = YES_ERROR;
				CLANG_WARN_DOCUMENTATION_COMMENTS = YES;
				CLANG_WARN_EMPTY_BODY = YES;
				CLANG_WARN_ENUM_CONVERSION = YES;
				CLANG_WARN_INFINITE_RECURSION = YES;
				CLANG_WARN_INT_CONVERSION = YES;
				CLANG_WARN_NON_LITERAL_NULL_CONVERSION = YES;
				CLANG_WARN_OBJC_IMPLICIT_RETAIN_SELF = YES;
				CLANG_WARN_OBJC_LITERAL_CONVERSION = YES;
				CLANG_WARN_OBJC_ROOT_CLASS = YES_ERROR;
				CLANG_WARN_RANGE_LOOP_ANALYSIS = YES;
				CLANG_WARN_STRICT_PROTOTYPES = YES;
				CLANG_WARN_SUSPICIOUS_MOVE = YES;
				CLANG_WARN_UNGUARDED_AVAILABILITY = YES_AGGRESSIVE;
				CLANG_WARN_UNREACHABLE_CODE = YES;
				CLANG_WARN__DUPLICATE_METHOD_MATCH = YES;
				COPY_PHASE_STRIP = NO;
				DEBUG_INFORMATION_FORMAT = dwarf;
				ENABLE_STRICT_OBJC_MSGSEND = YES;
				ENABLE_TESTABILITY = YES;
				GCC_C_LANGUAGE_STANDARD = gnu11;
				GCC_DYNAMIC_NO_PIC = NO;
				GCC_NO_COMMON_BLOCKS = YES;
				GCC_OPTIMIZATION_LEVEL = 0;
				GCC_PREPROCESSOR_DEFINITIONS = (
					"DEBUG=1",
					"$(inherited)",
				);
				GCC_WARN_64_TO_32_BIT_CONVERSION = YES;
				GCC_WARN_ABOUT_RETURN_TYPE = YES_ERROR;
				GCC_WARN_UNDECLARED_SELECTOR = YES;
				GCC_WARN_UNINITIALIZED_AUTOS = YES_AGGRESSIVE;
				GCC_WARN_UNUSED_FUNCTION = YES;
				GCC_WARN_UNUSED_VARIABLE = YES;
				MACOSX_DEPLOYMENT_TARGET = 10.15;
				MTL_ENABLE_DEBUG_INFO = INCLUDE_SOURCE;
				MTL_FAST_MATH = YES;
				ONLY_ACTIVE_ARCH = YES;
				SDKROOT = macosx;
			};
			name = Debug;
		};
		25AD9A6E240112D40073FD3D /* Release */ = {
			isa = XCBuildConfiguration;
			buildSettings = {
				ALWAYS_SEARCH_USER_PATHS = NO;
				CLANG_ANALYZER_NONNULL = YES;
				CLANG_ANALYZER_NUMBER_OBJECT_CONVERSION = YES_AGGRESSIVE;
				CLANG_CXX_LANGUAGE_STANDARD = "gnu++14";
				CLANG_CXX_LIBRARY = "libc++";
				CLANG_ENABLE_MODULES = YES;
				CLANG_ENABLE_OBJC_ARC = YES;
				CLANG_ENABLE_OBJC_WEAK = YES;
				CLANG_WARN_BLOCK_CAPTURE_AUTORELEASING = YES;
				CLANG_WARN_BOOL_CONVERSION = YES;
				CLANG_WARN_COMMA = YES;
				CLANG_WARN_CONSTANT_CONVERSION = YES;
				CLANG_WARN_DEPRECATED_OBJC_IMPLEMENTATIONS = YES;
				CLANG_WARN_DIRECT_OBJC_ISA_USAGE = YES_ERROR;
				CLANG_WARN_DOCUMENTATION_COMMENTS = YES;
				CLANG_WARN_EMPTY_BODY = YES;
				CLANG_WARN_ENUM_CONVERSION = YES;
				CLANG_WARN_INFINITE_RECURSION = YES;
				CLANG_WARN_INT_CONVERSION = YES;
				CLANG_WARN_NON_LITERAL_NULL_CONVERSION = YES;
				CLANG_WARN_OBJC_IMPLICIT_RETAIN_SELF = YES;
				CLANG_WARN_OBJC_LITERAL_CONVERSION = YES;
				CLANG_WARN_OBJC_ROOT_CLASS = YES_ERROR;
				CLANG_WARN_RANGE_LOOP_ANALYSIS = YES;
				CLANG_WARN_STRICT_PROTOTYPES = YES;
				CLANG_WARN_SUSPICIOUS_MOVE = YES;
				CLANG_WARN_UNGUARDED_AVAILABILITY = YES_AGGRESSIVE;
				CLANG_WARN_UNREACHABLE_CODE = YES;
				CLANG_WARN__DUPLICATE_METHOD_MATCH = YES;
				COPY_PHASE_STRIP = NO;
				DEBUG_INFORMATION_FORMAT = "dwarf-with-dsym";
				ENABLE_NS_ASSERTIONS = NO;
				ENABLE_STRICT_OBJC_MSGSEND = YES;
				GCC_C_LANGUAGE_STANDARD = gnu11;
				GCC_NO_COMMON_BLOCKS = YES;
				GCC_WARN_64_TO_32_BIT_CONVERSION = YES;
				GCC_WARN_ABOUT_RETURN_TYPE = YES_ERROR;
				GCC_WARN_UNDECLARED_SELECTOR = YES;
				GCC_WARN_UNINITIALIZED_AUTOS = YES_AGGRESSIVE;
				GCC_WARN_UNUSED_FUNCTION = YES;
				GCC_WARN_UNUSED_VARIABLE = YES;
				MACOSX_DEPLOYMENT_TARGET = 10.15;
				MTL_ENABLE_DEBUG_INFO = NO;
				MTL_FAST_MATH = YES;
				SDKROOT = macosx;
			};
			name = Release;
		};
		25AD9A70240112D40073FD3D /* Debug */ = {
			isa = XCBuildConfiguration;
			buildSettings = {
				CODE_SIGN_STYLE = Automatic;
				DEVELOPMENT_TEAM = F8273RMR4R;
				ENABLE_HARDENED_RUNTIME = YES;
				PRODUCT_NAME = "$(TARGET_NAME)";
			};
			name = Debug;
		};
		25AD9A71240112D40073FD3D /* Release */ = {
			isa = XCBuildConfiguration;
			buildSettings = {
				CODE_SIGN_STYLE = Automatic;
				DEVELOPMENT_TEAM = F8273RMR4R;
				ENABLE_HARDENED_RUNTIME = YES;
				PRODUCT_NAME = "$(TARGET_NAME)";
			};
			name = Release;
		};
/* End XCBuildConfiguration section */

/* Begin XCConfigurationList section */
		25AD9A63240112D40073FD3D /* Build configuration list for PBXProject "MemoryAlignment" */ = {
			isa = XCConfigurationList;
			buildConfigurations = (
				25AD9A6D240112D40073FD3D /* Debug */,
				25AD9A6E240112D40073FD3D /* Release */,
			);
			defaultConfigurationIsVisible = 0;
			defaultConfigurationName = Release;
		};
		25AD9A6F240112D40073FD3D /* Build configuration list for PBXNativeTarget "MemoryAlignment" */ = {
			isa = XCConfigurationList;
			buildConfigurations = (
				25AD9A70240112D40073FD3D /* Debug */,
				25AD9A71240112D40073FD3D /* Release */,
			);
			defaultConfigurationIsVisible = 0;
			defaultConfigurationName = Release;
		};
/* End XCConfigurationList section */
	};
	rootObject = 25AD9A60240112D40073FD3D /* Project object */;
}
